
Microsoft Visual Studio Solution File, Format Version 12.00
# Visual Studio Version 17
VisualStudioVersion = 17.3.32922.545
MinimumVisualStudioVersion = 10.0.40219.1
Project("{9A19103F-16F7-4668-BE54-9A1E7A4F7556}") = "FargoMemeChinese", "FargoMemeChinese.csproj", "{384EC5A0-E17E-48B9-8B30-37FBBDD8CC2F}"
EndProject
Global
	GlobalSection(SolutionConfigurationPlatforms) = preSolution
		Debug|Any CPU = Debug|Any CPU
		Release|Any CPU = Release|Any CPU
	EndGlobalSection
	GlobalSection(ProjectConfigurationPlatforms) = postSolution
		{384EC5A0-E17E-48B9-8B30-37FBBDD8CC2F}.Debug|Any CPU.ActiveCfg = Debug|Any CPU
		{384EC5A0-E17E-48B9-8B30-37FBBDD8CC2F}.Debug|Any CPU.Build.0 = Debug|Any CPU
		{384EC5A0-E17E-48B9-8B30-37FBBDD8CC2F}.Release|Any CPU.ActiveCfg = Release|Any CPU
		{384EC5A0-E17E-48B9-8B30-37FBBDD8CC2F}.Release|Any CPU.Build.0 = Release|Any CPU
	EndGlobalSection
	GlobalSection(SolutionProperties) = preSolution
		HideSolutionNode = FALSE
	EndGlobalSection
	GlobalSection(ExtensibilityGlobals) = postSolution
		SolutionGuid = {4059CF8C-29A1-4610-B8D7-B9D9859ABE3F}
	EndGlobalSection
EndGlobal
